// !$*UTF8*$!
{
	archiveVersion = 1;
	classes = {
	};
	objectVersion = 50;
	objects = {

/* Begin PBXBuildFile section */
		CF1D7793210520CA003FAA91 /* Item.swift in Sources */ = {isa = PBXBuildFile; fileRef = CF1D7792210520CA003FAA91 /* Item.swift */; };
		CF1D7795210520D4003FAA91 /* Category.swift in Sources */ = {isa = PBXBuildFile; fileRef = CF1D7794210520D4003FAA91 /* Category.swift */; };
		CF1D779921055E54003FAA91 /* SwipeTableViewController.swift in Sources */ = {isa = PBXBuildFile; fileRef = CF1D779821055E54003FAA91 /* SwipeTableViewController.swift */; };
		CF6F1DB9210388C400B1D394 /* AppDelegate.swift in Sources */ = {isa = PBXBuildFile; fileRef = CF6F1DB8210388C400B1D394 /* AppDelegate.swift */; };
		CF6F1DBB210388C400B1D394 /* TodoListViewController.swift in Sources */ = {isa = PBXBuildFile; fileRef = CF6F1DBA210388C400B1D394 /* TodoListViewController.swift */; };
		CF6F1DBE210388C400B1D394 /* Main.storyboard in Resources */ = {isa = PBXBuildFile; fileRef = CF6F1DBC210388C400B1D394 /* Main.storyboard */; };
		CF6F1DC0210388C500B1D394 /* Assets.xcassets in Resources */ = {isa = PBXBuildFile; fileRef = CF6F1DBF210388C500B1D394 /* Assets.xcassets */; };
		CF6F1DC3210388C500B1D394 /* LaunchScreen.storyboard in Resources */ = {isa = PBXBuildFile; fileRef = CF6F1DC1210388C500B1D394 /* LaunchScreen.storyboard */; };
		CF7828602103F58D00F3D16B /* CategoryViewController.swift in Sources */ = {isa = PBXBuildFile; fileRef = CF78285F2103F58D00F3D16B /* CategoryViewController.swift */; };
		E86954DEB8204C6B97AD6CDF /* Pods_Todoey.framework in Frameworks */ = {isa = PBXBuildFile; fileRef = 4B0FB11666A93B753AD6EE11 /* Pods_Todoey.framework */; };
/* End PBXBuildFile section */

/* Begin PBXFileReference section */
		4B0FB11666A93B753AD6EE11 /* Pods_Todoey.framework */ = {isa = PBXFileReference; explicitFileType = wrapper.framework; includeInIndex = 0; path = Pods_Todoey.framework; sourceTree = BUILT_PRODUCTS_DIR; };
		975117639862D0063206DA26 /* Pods-Todoey.release.xcconfig */ = {isa = PBXFileReference; includeInIndex = 1; lastKnownFileType = text.xcconfig; name = "Pods-Todoey.release.xcconfig"; path = "Pods/Target Support Files/Pods-Todoey/Pods-Todoey.release.xcconfig"; sourceTree = "<group>"; };
		CF1D7792210520CA003FAA91 /* Item.swift */ = {isa = PBXFileReference; lastKnownFileType = sourcecode.swift; path = Item.swift; sourceTree = "<group>"; };
		CF1D7794210520D4003FAA91 /* Category.swift */ = {isa = PBXFileReference; lastKnownFileType = sourcecode.swift; path = Category.swift; sourceTree = "<group>"; };
		CF1D779821055E54003FAA91 /* SwipeTableViewController.swift */ = {isa = PBXFileReference; lastKnownFileType = sourcecode.swift; path = SwipeTableViewController.swift; sourceTree = "<group>"; };
		CF6F1DB5210388C400B1D394 /* Todoey.app */ = {isa = PBXFileReference; explicitFileType = wrapper.application; includeInIndex = 0; path = Todoey.app; sourceTree = BUILT_PRODUCTS_DIR; };
		CF6F1DB8210388C400B1D394 /* AppDelegate.swift */ = {isa = PBXFileReference; lastKnownFileType = sourcecode.swift; path = AppDelegate.swift; sourceTree = "<group>"; };
		CF6F1DBA210388C400B1D394 /* TodoListViewController.swift */ = {isa = PBXFileReference; lastKnownFileType = sourcecode.swift; path = TodoListViewController.swift; sourceTree = "<group>"; };
		CF6F1DBD210388C400B1D394 /* Base */ = {isa = PBXFileReference; lastKnownFileType = file.storyboard; name = Base; path = Base.lproj/Main.storyboard; sourceTree = "<group>"; };
		CF6F1DBF210388C500B1D394 /* Assets.xcassets */ = {isa = PBXFileReference; lastKnownFileType = folder.assetcatalog; path = Assets.xcassets; sourceTree = "<group>"; };
		CF6F1DC2210388C500B1D394 /* Base */ = {isa = PBXFileReference; lastKnownFileType = file.storyboard; name = Base; path = Base.lproj/LaunchScreen.storyboard; sourceTree = "<group>"; };
		CF6F1DC4210388C500B1D394 /* Info.plist */ = {isa = PBXFileReference; lastKnownFileType = text.plist.xml; path = Info.plist; sourceTree = "<group>"; };
		CF78285F2103F58D00F3D16B /* CategoryViewController.swift */ = {isa = PBXFileReference; lastKnownFileType = sourcecode.swift; path = CategoryViewController.swift; sourceTree = "<group>"; };
		FB55E858DE83B3075E9C03FE /* Pods-Todoey.debug.xcconfig */ = {isa = PBXFileReference; includeInIndex = 1; lastKnownFileType = text.xcconfig; name = "Pods-Todoey.debug.xcconfig"; path = "Pods/Target Support Files/Pods-Todoey/Pods-Todoey.debug.xcconfig"; sourceTree = "<group>"; };
/* End PBXFileReference section */

/* Begin PBXFrameworksBuildPhase section */
		CF6F1DB2210388C400B1D394 /* Frameworks */ = {
			isa = PBXFrameworksBuildPhase;
			buildActionMask = 2147483647;
			files = (
				E86954DEB8204C6B97AD6CDF /* Pods_Todoey.framework in Frameworks */,
			);
			runOnlyForDeploymentPostprocessing = 0;
		};
/* End PBXFrameworksBuildPhase section */

/* Begin PBXGroup section */
		34A98F23F3AA356737D931C0 /* Frameworks */ = {
			isa = PBXGroup;
			children = (
				4B0FB11666A93B753AD6EE11 /* Pods_Todoey.framework */,
			);
			name = Frameworks;
			sourceTree = "<group>";
		};
		CF6F1DAC210388C400B1D394 = {
			isa = PBXGroup;
			children = (
				CF6F1DB7210388C400B1D394 /* Todoey */,
				CF6F1DB6210388C400B1D394 /* Products */,
				DE33E79F4E34789B6EB3B29D /* Pods */,
				34A98F23F3AA356737D931C0 /* Frameworks */,
			);
			sourceTree = "<group>";
		};
		CF6F1DB6210388C400B1D394 /* Products */ = {
			isa = PBXGroup;
			children = (
				CF6F1DB5210388C400B1D394 /* Todoey.app */,
			);
			name = Products;
			sourceTree = "<group>";
		};
		CF6F1DB7210388C400B1D394 /* Todoey */ = {
			isa = PBXGroup;
			children = (
				CF6F1DB8210388C400B1D394 /* AppDelegate.swift */,
				CF7828352103AB6600F3D16B /* Model */,
				CF7828382103B19900F3D16B /* View */,
				CF7828392103B1AB00F3D16B /* Controller */,
				CF78283A2103B1D200F3D16B /* Supporting Files */,
				CF6F1DC4210388C500B1D394 /* Info.plist */,
			);
			path = Todoey;
			sourceTree = "<group>";
		};
		CF7828352103AB6600F3D16B /* Model */ = {
			isa = PBXGroup;
			children = (
				CF1D7794210520D4003FAA91 /* Category.swift */,
				CF1D7792210520CA003FAA91 /* Item.swift */,
			);
			path = Model;
			sourceTree = "<group>";
		};
		CF7828382103B19900F3D16B /* View */ = {
			isa = PBXGroup;
			children = (
				CF6F1DC1210388C500B1D394 /* LaunchScreen.storyboard */,
				CF6F1DBC210388C400B1D394 /* Main.storyboard */,
			);
			path = View;
			sourceTree = "<group>";
		};
		CF7828392103B1AB00F3D16B /* Controller */ = {
			isa = PBXGroup;
			children = (
				CF78285F2103F58D00F3D16B /* CategoryViewController.swift */,
				CF6F1DBA210388C400B1D394 /* TodoListViewController.swift */,
				CF1D779821055E54003FAA91 /* SwipeTableViewController.swift */,
			);
			path = Controller;
			sourceTree = "<group>";
		};
		CF78283A2103B1D200F3D16B /* Supporting Files */ = {
			isa = PBXGroup;
			children = (
				CF6F1DBF210388C500B1D394 /* Assets.xcassets */,
			);
			path = "Supporting Files";
			sourceTree = "<group>";
		};
		DE33E79F4E34789B6EB3B29D /* Pods */ = {
			isa = PBXGroup;
			children = (
				FB55E858DE83B3075E9C03FE /* Pods-Todoey.debug.xcconfig */,
				975117639862D0063206DA26 /* Pods-Todoey.release.xcconfig */,
			);
			name = Pods;
			sourceTree = "<group>";
		};
/* End PBXGroup section */

/* Begin PBXNativeTarget section */
		CF6F1DB4210388C400B1D394 /* Todoey */ = {
			isa = PBXNativeTarget;
			buildConfigurationList = CF6F1DC7210388C500B1D394 /* Build configuration list for PBXNativeTarget "Todoey" */;
			buildPhases = (
				C2C21C103273C997B9A28299 /* [CP] Check Pods Manifest.lock */,
				CF6F1DB1210388C400B1D394 /* Sources */,
				CF6F1DB2210388C400B1D394 /* Frameworks */,
				CF6F1DB3210388C400B1D394 /* Resources */,
				3F7965067EEBE26039DBB5B6 /* [CP] Embed Pods Frameworks */,
			);
			buildRules = (
			);
			dependencies = (
			);
			name = Todoey;
			productName = Todoey;
			productReference = CF6F1DB5210388C400B1D394 /* Todoey.app */;
			productType = "com.apple.product-type.application";
		};
/* End PBXNativeTarget section */

/* Begin PBXProject section */
		CF6F1DAD210388C400B1D394 /* Project object */ = {
			isa = PBXProject;
			attributes = {
				LastSwiftUpdateCheck = 0940;
				LastUpgradeCheck = 0940;
				ORGANIZATIONNAME = "OLUNUGA Mayowa";
				TargetAttributes = {
					CF6F1DB4210388C400B1D394 = {
						CreatedOnToolsVersion = 9.4.1;
					};
				};
			};
			buildConfigurationList = CF6F1DB0210388C400B1D394 /* Build configuration list for PBXProject "Todoey" */;
			compatibilityVersion = "Xcode 9.3";
			developmentRegion = en;
			hasScannedForEncodings = 0;
			knownRegions = (
				en,
				Base,
			);
			mainGroup = CF6F1DAC210388C400B1D394;
			productRefGroup = CF6F1DB6210388C400B1D394 /* Products */;
			projectDirPath = "";
			projectRoot = "";
			targets = (
				CF6F1DB4210388C400B1D394 /* Todoey */,
			);
		};
/* End PBXProject section */

/* Begin PBXResourcesBuildPhase section */
		CF6F1DB3210388C400B1D394 /* Resources */ = {
			isa = PBXResourcesBuildPhase;
			buildActionMask = 2147483647;
			files = (
				CF6F1DC3210388C500B1D394 /* LaunchScreen.storyboard in Resources */,
				CF6F1DC0210388C500B1D394 /* Assets.xcassets in Resources */,
				CF6F1DBE210388C400B1D394 /* Main.storyboard in Resources */,
			);
			runOnlyForDeploymentPostprocessing = 0;
		};
/* End PBXResourcesBuildPhase section */

/* Begin PBXShellScriptBuildPhase section */
		3F7965067EEBE26039DBB5B6 /* [CP] Embed Pods Frameworks */ = {
			isa = PBXShellScriptBuildPhase;
			buildActionMask = 2147483647;
			files = (
			);
			inputPaths = (
				"${SRCROOT}/Pods/Target Support Files/Pods-Todoey/Pods-Todoey-frameworks.sh",
				"${BUILT_PRODUCTS_DIR}/ChameleonFramework/ChameleonFramework.framework",
				"${BUILT_PRODUCTS_DIR}/Realm/Realm.framework",
				"${BUILT_PRODUCTS_DIR}/RealmSwift/RealmSwift.framework",
				"${BUILT_PRODUCTS_DIR}/SwipeCellKit/SwipeCellKit.framework",
			);
			name = "[CP] Embed Pods Frameworks";
			outputPaths = (
				"${TARGET_BUILD_DIR}/${FRAMEWORKS_FOLDER_PATH}/ChameleonFramework.framework",
				"${TARGET_BUILD_DIR}/${FRAMEWORKS_FOLDER_PATH}/Realm.framework",
				"${TARGET_BUILD_DIR}/${FRAMEWORKS_FOLDER_PATH}/RealmSwift.framework",
				"${TARGET_BUILD_DIR}/${FRAMEWORKS_FOLDER_PATH}/SwipeCellKit.framework",
			);
			runOnlyForDeploymentPostprocessing = 0;
			shellPath = /bin/sh;
			shellScript = "\"${SRCROOT}/Pods/Target Support Files/Pods-Todoey/Pods-Todoey-frameworks.sh\"\n";
			showEnvVarsInLog = 0;
		};
		C2C21C103273C997B9A28299 /* [CP] Check Pods Manifest.lock */ = {
			isa = PBXShellScriptBuildPhase;
			buildActionMask = 2147483647;
			files = (
			);
			inputPaths = (
				"${PODS_PODFILE_DIR_PATH}/Podfile.lock",
				"${PODS_ROOT}/Manifest.lock",
			);
			name = "[CP] Check Pods Manifest.lock";
			outputPaths = (
				"$(DERIVED_FILE_DIR)/Pods-Todoey-checkManifestLockResult.txt",
			);
			runOnlyForDeploymentPostprocessing = 0;
			shellPath = /bin/sh;
			shellScript = "diff \"${PODS_PODFILE_DIR_PATH}/Podfile.lock\" \"${PODS_ROOT}/Manifest.lock\" > /dev/null\nif [ $? != 0 ] ; then\n    # print error to STDERR\n    echo \"error: The sandbox is not in sync with the Podfile.lock. Run 'pod install' or update your CocoaPods installation.\" >&2\n    exit 1\nfi\n# This output is used by Xcode 'outputs' to avoid re-running this script phase.\necho \"SUCCESS\" > \"${SCRIPT_OUTPUT_FILE_0}\"\n";
			showEnvVarsInLog = 0;
		};
/* End PBXShellScriptBuildPhase section */

/* Begin PBXSourcesBuildPhase section */
		CF6F1DB1210388C400B1D394 /* Sources */ = {
			isa = PBXSourcesBuildPhase;
			buildActionMask = 2147483647;
			files = (
				CF7828602103F58D00F3D16B /* CategoryViewController.swift in Sources */,
				CF6F1DBB210388C400B1D394 /* TodoListViewController.swift in Sources */,
				CF1D7793210520CA003FAA91 /* Item.swift in Sources */,
				CF6F1DB9210388C400B1D394 /* AppDelegate.swift in Sources */,
				CF1D779921055E54003FAA91 /* SwipeTableViewController.swift in Sources */,
				CF1D7795210520D4003FAA91 /* Category.swift in Sources */,
			);
			runOnlyForDeploymentPostprocessing = 0;
		};
/* End PBXSourcesBuildPhase section */

/* Begin PBXVariantGroup section */
		CF6F1DBC210388C400B1D394 /* Main.storyboard */ = {
			isa = PBXVariantGroup;
			children = (
				CF6F1DBD210388C400B1D394 /* Base */,
			);
			name = Main.storyboard;
			sourceTree = "<group>";
		};
		CF6F1DC1210388C500B1D394 /* LaunchScreen.storyboard */ = {
			isa = PBXVariantGroup;
			children = (
				CF6F1DC2210388C500B1D394 /* Base */,
			);
			name = LaunchScreen.storyboard;
			sourceTree = "<group>";
		};
/* End PBXVariantGroup section */

/* Begin XCBuildConfiguration section */
		CF6F1DC5210388C500B1D394 /* Debug */ = {
			isa = XCBuildConfiguration;
			buildSettings = {
				ALWAYS_SEARCH_USER_PATHS = NO;
				CLANG_ANALYZER_NONNULL = YES;
				CLANG_ANALYZER_NUMBER_OBJECT_CONVERSION = YES_AGGRESSIVE;
				CLANG_CXX_LANGUAGE_STANDARD = "gnu++14";
				CLANG_CXX_LIBRARY = "libc++";
				CLANG_ENABLE_MODULES = YES;
				CLANG_ENABLE_OBJC_ARC = YES;
				CLANG_ENABLE_OBJC_WEAK = YES;
				CLANG_WARN_BLOCK_CAPTURE_AUTORELEASING = YES;
				CLANG_WARN_BOOL_CONVERSION = YES;
				CLANG_WARN_COMMA = YES;
				CLANG_WARN_CONSTANT_CONVERSION = YES;
				CLANG_WARN_DEPRECATED_OBJC_IMPLEMENTATIONS = YES;
				CLANG_WARN_DIRECT_OBJC_ISA_USAGE = YES_ERROR;
				CLANG_WARN_DOCUMENTATION_COMMENTS = YES;
				CLANG_WARN_EMPTY_BODY = YES;
				CLANG_WARN_ENUM_CONVERSION = YES;
				CLANG_WARN_INFINITE_RECURSION = YES;
				CLANG_WARN_INT_CONVERSION = YES;
				CLANG_WARN_NON_LITERAL_NULL_CONVERSION = YES;
				CLANG_WARN_OBJC_IMPLICIT_RETAIN_SELF = YES;
				CLANG_WARN_OBJC_LITERAL_CONVERSION = YES;
				CLANG_WARN_OBJC_ROOT_CLASS = YES_ERROR;
				CLANG_WARN_RANGE_LOOP_ANALYSIS = YES;
				CLANG_WARN_STRICT_PROTOTYPES = YES;
				CLANG_WARN_SUSPICIOUS_MOVE = YES;
				CLANG_WARN_UNGUARDED_AVAILABILITY = YES_AGGRESSIVE;
				CLANG_WARN_UNREACHABLE_CODE = YES;
				CLANG_WARN__DUPLICATE_METHOD_MATCH = YES;
				CODE_SIGN_IDENTITY = "iPhone Developer";
				COPY_PHASE_STRIP = NO;
				DEBUG_INFORMATION_FORMAT = dwarf;
				ENABLE_STRICT_OBJC_MSGSEND = YES;
				ENABLE_TESTABILITY = YES;
				GCC_C_LANGUAGE_STANDARD = gnu11;
				GCC_DYNAMIC_NO_PIC = NO;
				GCC_NO_COMMON_BLOCKS = YES;
				GCC_OPTIMIZATION_LEVEL = 0;
				GCC_PREPROCESSOR_DEFINITIONS = (
					"DEBUG=1",
					"$(inherited)",
				);
				GCC_WARN_64_TO_32_BIT_CONVERSION = YES;
				GCC_WARN_ABOUT_RETURN_TYPE = YES_ERROR;
				GCC_WARN_UNDECLARED_SELECTOR = YES;
				GCC_WARN_UNINITIALIZED_AUTOS = YES_AGGRESSIVE;
				GCC_WARN_UNUSED_FUNCTION = YES;
				GCC_WARN_UNUSED_VARIABLE = YES;
				IPHONEOS_DEPLOYMENT_TARGET = 11.4;
				MTL_ENABLE_DEBUG_INFO = YES;
				ONLY_ACTIVE_ARCH = YES;
				SDKROOT = iphoneos;
				SWIFT_ACTIVE_COMPILATION_CONDITIONS = DEBUG;
				SWIFT_OPTIMIZATION_LEVEL = "-Onone";
			};
			name = Debug;
		};
		CF6F1DC6210388C500B1D394 /* Release */ = {
			isa = XCBuildConfiguration;
			buildSettings = {
				ALWAYS_SEARCH_USER_PATHS = NO;
				CLANG_ANALYZER_NONNULL = YES;
				CLANG_ANALYZER_NUMBER_OBJECT_CONVERSION = YES_AGGRESSIVE;
				CLANG_CXX_LANGUAGE_STANDARD = "gnu++14";
				CLANG_CXX_LIBRARY = "libc++";
				CLANG_ENABLE_MODULES = YES;
				CLANG_ENABLE_OBJC_ARC = YES;
				CLANG_ENABLE_OBJC_WEAK = YES;
				CLANG_WARN_BLOCK_CAPTURE_AUTORELEASING = YES;
				CLANG_WARN_BOOL_CONVERSION = YES;
				CLANG_WARN_COMMA = YES;
				CLANG_WARN_CONSTANT_CONVERSION = YES;
				CLANG_WARN_DEPRECATED_OBJC_IMPLEMENTATIONS = YES;
				CLANG_WARN_DIRECT_OBJC_ISA_USAGE = YES_ERROR;
				CLANG_WARN_DOCUMENTATION_COMMENTS = YES;
				CLANG_WARN_EMPTY_BODY = YES;
				CLANG_WARN_ENUM_CONVERSION = YES;
				CLANG_WARN_INFINITE_RECURSION = YES;
				CLANG_WARN_INT_CONVERSION = YES;
				CLANG_WARN_NON_LITERAL_NULL_CONVERSION = YES;
				CLANG_WARN_OBJC_IMPLICIT_RETAIN_SELF = YES;
				CLANG_WARN_OBJC_LITERAL_CONVERSION = YES;
				CLANG_WARN_OBJC_ROOT_CLASS = YES_ERROR;
				CLANG_WARN_RANGE_LOOP_ANALYSIS = YES;
				CLANG_WARN_STRICT_PROTOTYPES = YES;
				CLANG_WARN_SUSPICIOUS_MOVE = YES;
				CLANG_WARN_UNGUARDED_AVAILABILITY = YES_AGGRESSIVE;
				CLANG_WARN_UNREACHABLE_CODE = YES;
				CLANG_WARN__DUPLICATE_METHOD_MATCH = YES;
				CODE_SIGN_IDENTITY = "iPhone Developer";
				COPY_PHASE_STRIP = NO;
				DEBUG_INFORMATION_FORMAT = "dwarf-with-dsym";
				ENABLE_NS_ASSERTIONS = NO;
				ENABLE_STRICT_OBJC_MSGSEND = YES;
				GCC_C_LANGUAGE_STANDARD = gnu11;
				GCC_NO_COMMON_BLOCKS = YES;
				GCC_WARN_64_TO_32_BIT_CONVERSION = YES;
				GCC_WARN_ABOUT_RETURN_TYPE = YES_ERROR;
				GCC_WARN_UNDECLARED_SELECTOR = YES;
				GCC_WARN_UNINITIALIZED_AUTOS = YES_AGGRESSIVE;
				GCC_WARN_UNUSED_FUNCTION = YES;
				GCC_WARN_UNUSED_VARIABLE = YES;
				IPHONEOS_DEPLOYMENT_TARGET = 11.4;
				MTL_ENABLE_DEBUG_INFO = NO;
				SDKROOT = iphoneos;
				SWIFT_COMPILATION_MODE = wholemodule;
				SWIFT_OPTIMIZATION_LEVEL = "-O";
				VALIDATE_PRODUCT = YES;
			};
			name = Release;
		};
		CF6F1DC8210388C500B1D394 /* Debug */ = {
			isa = XCBuildConfiguration;
			baseConfigurationReference = FB55E858DE83B3075E9C03FE /* Pods-Todoey.debug.xcconfig */;
			buildSettings = {
				ASSETCATALOG_COMPILER_APPICON_NAME = AppIcon;
				CODE_SIGN_STYLE = Automatic;
				DEVELOPMENT_TEAM = CH4P23R94R;
				INFOPLIST_FILE = Todoey/Info.plist;
				IPHONEOS_DEPLOYMENT_TARGET = 10.3;
				LD_RUNPATH_SEARCH_PATHS = (
					"$(inherited)",
					"@executable_path/Frameworks",
				);
				PRODUCT_BUNDLE_IDENTIFIER = com.finitebits.Todoey;
				PRODUCT_NAME = "$(TARGET_NAME)";
				SWIFT_VERSION = 4.0;
				TARGETED_DEVICE_FAMILY = 1;
			};
			name = Debug;
		};
		CF6F1DC9210388C500B1D394 /* Release */ = {
			isa = XCBuildConfiguration;
			baseConfigurationReference = 975117639862D0063206DA26 /* Pods-Todoey.release.xcconfig */;
			buildSettings = {
				ASSETCATALOG_COMPILER_APPICON_NAME = AppIcon;
				CODE_SIGN_STYLE = Automatic;
				DEVELOPMENT_TEAM = CH4P23R94R;
				INFOPLIST_FILE = Todoey/Info.plist;
				IPHONEOS_DEPLOYMENT_TARGET = 10.3;
				LD_RUNPATH_SEARCH_PATHS = (
					"$(inherited)",
					"@executable_path/Frameworks",
				);
				PRODUCT_BUNDLE_IDENTIFIER = com.finitebits.Todoey;
				PRODUCT_NAME = "$(TARGET_NAME)";
				SWIFT_VERSION = 4.0;
				TARGETED_DEVICE_FAMILY = 1;
			};
			name = Release;
		};
/* End XCBuildConfiguration section */

/* Begin XCConfigurationList section */
		CF6F1DB0210388C400B1D394 /* Build configuration list for PBXProject "Todoey" */ = {
			isa = XCConfigurationList;
			buildConfigurations = (
				CF6F1DC5210388C500B1D394 /* Debug */,
				CF6F1DC6210388C500B1D394 /* Release */,
			);
			defaultConfigurationIsVisible = 0;
			defaultConfigurationName = Release;
		};
		CF6F1DC7210388C500B1D394 /* Build configuration list for PBXNativeTarget "Todoey" */ = {
			isa = XCConfigurationList;
			buildConfigurations = (
				CF6F1DC8210388C500B1D394 /* Debug */,
				CF6F1DC9210388C500B1D394 /* Release */,
			);
			defaultConfigurationIsVisible = 0;
			defaultConfigurationName = Release;
		};
/* End XCConfigurationList section */
	};
	rootObject = CF6F1DAD210388C400B1D394 /* Project object */;
}
